
Microsoft Visual Studio Solution File, Format Version 12.00
# Visual Studio Version 17
VisualStudioVersion = 17.0.31903.59
MinimumVisualStudioVersion = 10.0.40219.1
Project("{FAE04EC0-301F-11D3-BF4B-00C04F79EFBC}") = "LifeGuide.Core", "LifeGuide.Core\LifeGuide.Core.csproj", "{C28FB8F2-4D94-463B-B042-1923ADF46B42}"
EndProject
Project("{FAE04EC0-301F-11D3-BF4B-00C04F79EFBC}") = "LifeGuide.Data", "LifeGuide.Data\LifeGuide.Data.csproj", "{DE2D98CB-C8C7-4C0B-AAD9-0996B7EA3B0F}"
EndProject
Project("{FAE04EC0-301F-11D3-BF4B-00C04F79EFBC}") = "LifeGuide.App", "LifeGuide.App\LifeGuide.App.csproj", "{CA2F3068-7778-4CC3-9A1E-FFEE2E5BC3A1}"
EndProject
Project("{FAE04EC0-301F-11D3-BF4B-00C04F79EFBC}") = "LifeGuide.Tests", "LifeGuide.Tests\LifeGuide.Tests.csproj", "{C980279F-8580-4073-903D-EF93CF87978F}"
EndProject
Global
	GlobalSection(SolutionConfigurationPlatforms) = preSolution
		Debug|Any CPU = Debug|Any CPU
		Debug|x64 = Debug|x64
		Debug|x86 = Debug|x86
		Release|Any CPU = Release|Any CPU
		Release|x64 = Release|x64
		Release|x86 = Release|x86
	EndGlobalSection
	GlobalSection(ProjectConfigurationPlatforms) = postSolution
		{C28FB8F2-4D94-463B-B042-1923ADF46B42}.Debug|Any CPU.ActiveCfg = Debug|Any CPU
		{C28FB8F2-4D94-463B-B042-1923ADF46B42}.Debug|Any CPU.Build.0 = Debug|Any CPU
		{C28FB8F2-4D94-463B-B042-1923ADF46B42}.Debug|x64.ActiveCfg = Debug|Any CPU
		{C28FB8F2-4D94-463B-B042-1923ADF46B42}.Debug|x64.Build.0 = Debug|Any CPU
		{C28FB8F2-4D94-463B-B042-1923ADF46B42}.Debug|x86.ActiveCfg = Debug|Any CPU
		{C28FB8F2-4D94-463B-B042-1923ADF46B42}.Debug|x86.Build.0 = Debug|Any CPU
		{C28FB8F2-4D94-463B-B042-1923ADF46B42}.Release|Any CPU.ActiveCfg = Release|Any CPU
		{C28FB8F2-4D94-463B-B042-1923ADF46B42}.Release|Any CPU.Build.0 = Release|Any CPU
		{C28FB8F2-4D94-463B-B042-1923ADF46B42}.Release|x64.ActiveCfg = Release|Any CPU
		{C28FB8F2-4D94-463B-B042-1923ADF46B42}.Release|x64.Build.0 = Release|Any CPU
		{C28FB8F2-4D94-463B-B042-1923ADF46B42}.Release|x86.ActiveCfg = Release|Any CPU
		{C28FB8F2-4D94-463B-B042-1923ADF46B42}.Release|x86.Build.0 = Release|Any CPU
		{DE2D98CB-C8C7-4C0B-AAD9-0996B7EA3B0F}.Debug|Any CPU.ActiveCfg = Debug|Any CPU
		{DE2D98CB-C8C7-4C0B-AAD9-0996B7EA3B0F}.Debug|Any CPU.Build.0 = Debug|Any CPU
		{DE2D98CB-C8C7-4C0B-AAD9-0996B7EA3B0F}.Debug|x64.ActiveCfg = Debug|Any CPU
		{DE2D98CB-C8C7-4C0B-AAD9-0996B7EA3B0F}.Debug|x64.Build.0 = Debug|Any CPU
		{DE2D98CB-C8C7-4C0B-AAD9-0996B7EA3B0F}.Debug|x86.ActiveCfg = Debug|Any CPU
		{DE2D98CB-C8C7-4C0B-AAD9-0996B7EA3B0F}.Debug|x86.Build.0 = Debug|Any CPU
		{DE2D98CB-C8C7-4C0B-AAD9-0996B7EA3B0F}.Release|Any CPU.ActiveCfg = Release|Any CPU
		{DE2D98CB-C8C7-4C0B-AAD9-0996B7EA3B0F}.Release|Any CPU.Build.0 = Release|Any CPU
		{DE2D98CB-C8C7-4C0B-AAD9-0996B7EA3B0F}.Release|x64.ActiveCfg = Release|Any CPU
		{DE2D98CB-C8C7-4C0B-AAD9-0996B7EA3B0F}.Release|x64.Build.0 = Release|Any CPU
		{DE2D98CB-C8C7-4C0B-AAD9-0996B7EA3B0F}.Release|x86.ActiveCfg = Release|Any CPU
		{DE2D98CB-C8C7-4C0B-AAD9-0996B7EA3B0F}.Release|x86.Build.0 = Release|Any CPU
		{CA2F3068-7778-4CC3-9A1E-FFEE2E5BC3A1}.Debug|Any CPU.ActiveCfg = Debug|Any CPU
		{CA2F3068-7778-4CC3-9A1E-FFEE2E5BC3A1}.Debug|Any CPU.Build.0 = Debug|Any CPU
		{CA2F3068-7778-4CC3-9A1E-FFEE2E5BC3A1}.Debug|x64.ActiveCfg = Debug|Any CPU
		{CA2F3068-7778-4CC3-9A1E-FFEE2E5BC3A1}.Debug|x64.Build.0 = Debug|Any CPU
		{CA2F3068-7778-4CC3-9A1E-FFEE2E5BC3A1}.Debug|x86.ActiveCfg = Debug|Any CPU
		{CA2F3068-7778-4CC3-9A1E-FFEE2E5BC3A1}.Debug|x86.Build.0 = Debug|Any CPU
		{CA2F3068-7778-4CC3-9A1E-FFEE2E5BC3A1}.Release|Any CPU.ActiveCfg = Release|Any CPU
		{CA2F3068-7778-4CC3-9A1E-FFEE2E5BC3A1}.Release|Any CPU.Build.0 = Release|Any CPU
		{CA2F3068-7778-4CC3-9A1E-FFEE2E5BC3A1}.Release|x64.ActiveCfg = Release|Any CPU
		{CA2F3068-7778-4CC3-9A1E-FFEE2E5BC3A1}.Release|x64.Build.0 = Release|Any CPU
		{CA2F3068-7778-4CC3-9A1E-FFEE2E5BC3A1}.Release|x86.ActiveCfg = Release|Any CPU
		{CA2F3068-7778-4CC3-9A1E-FFEE2E5BC3A1}.Release|x86.Build.0 = Release|Any CPU
		{C980279F-8580-4073-903D-EF93CF87978F}.Debug|Any CPU.ActiveCfg = Debug|Any CPU
		{C980279F-8580-4073-903D-EF93CF87978F}.Debug|Any CPU.Build.0 = Debug|Any CPU
		{C980279F-8580-4073-903D-EF93CF87978F}.Debug|x64.ActiveCfg = Debug|Any CPU
		{C980279F-8580-4073-903D-EF93CF87978F}.Debug|x64.Build.0 = Debug|Any CPU
		{C980279F-8580-4073-903D-EF93CF87978F}.Debug|x86.ActiveCfg = Debug|Any CPU
		{C980279F-8580-4073-903D-EF93CF87978F}.Debug|x86.Build.0 = Debug|Any CPU
		{C980279F-8580-4073-903D-EF93CF87978F}.Release|Any CPU.ActiveCfg = Release|Any CPU
		{C980279F-8580-4073-903D-EF93CF87978F}.Release|Any CPU.Build.0 = Release|Any CPU
		{C980279F-8580-4073-903D-EF93CF87978F}.Release|x64.ActiveCfg = Release|Any CPU
		{C980279F-8580-4073-903D-EF93CF87978F}.Release|x64.Build.0 = Release|Any CPU
		{C980279F-8580-4073-903D-EF93CF87978F}.Release|x86.ActiveCfg = Release|Any CPU
		{C980279F-8580-4073-903D-EF93CF87978F}.Release|x86.Build.0 = Release|Any CPU
	EndGlobalSection
	GlobalSection(SolutionProperties) = preSolution
		HideSolutionNode = FALSE
	EndGlobalSection
EndGlobal
